// !$*UTF8*$!
{
	archiveVersion = 1;
	classes = {
	};
	objectVersion = 51;
	objects = {

/* Begin PBXBuildFile section */
		290B38AB240D9FC40029BAA6 /* JSON.swift in Sources */ = {isa = PBXBuildFile; fileRef = 290B38AA240D9FC40029BAA6 /* JSON.swift */; };
		290B38AD240DAC6D0029BAA6 /* Result.swift in Sources */ = {isa = PBXBuildFile; fileRef = 290B38AC240DAC6D0029BAA6 /* Result.swift */; };
		290B38B0240DB78F0029BAA6 /* Friend.swift in Sources */ = {isa = PBXBuildFile; fileRef = 290B38AF240DB78F0029BAA6 /* Friend.swift */; };
		291048C5240ED53700E62F36 /* AppServerClient.swift in Sources */ = {isa = PBXBuildFile; fileRef = 291048C4240ED53700E62F36 /* AppServerClient.swift */; };
		291048C7240F095900E62F36 /* Alert.swift in Sources */ = {isa = PBXBuildFile; fileRef = 291048C6240F095900E62F36 /* Alert.swift */; };
		291048CA240F0C7D00E62F36 /* UIViewControllerExtension.swift in Sources */ = {isa = PBXBuildFile; fileRef = 291048C9240F0C7D00E62F36 /* UIViewControllerExtension.swift */; };
		291048CC240F135000E62F36 /* Bindable.swift in Sources */ = {isa = PBXBuildFile; fileRef = 291048CB240F135000E62F36 /* Bindable.swift */; };
		291048CF240F198600E62F36 /* FriendCellViewModel.swift in Sources */ = {isa = PBXBuildFile; fileRef = 291048CE240F198600E62F36 /* FriendCellViewModel.swift */; };
		293CFE31240FAC8A0004D997 /* FriendsTableViewViewModel.swift in Sources */ = {isa = PBXBuildFile; fileRef = 293CFE30240FAC8A0004D997 /* FriendsTableViewViewModel.swift */; };
		293CFE33241017560004D997 /* AddFriendViewModel.swift in Sources */ = {isa = PBXBuildFile; fileRef = 293CFE32241017560004D997 /* AddFriendViewModel.swift */; };
		293CFE35241041C60004D997 /* UpdateFriendViewModel.swift in Sources */ = {isa = PBXBuildFile; fileRef = 293CFE34241041C60004D997 /* UpdateFriendViewModel.swift */; };
		29E66AE623F7212700B5DF69 /* AppDelegate.swift in Sources */ = {isa = PBXBuildFile; fileRef = 29E66AE523F7212700B5DF69 /* AppDelegate.swift */; };
		29E66AE823F7212700B5DF69 /* SceneDelegate.swift in Sources */ = {isa = PBXBuildFile; fileRef = 29E66AE723F7212700B5DF69 /* SceneDelegate.swift */; };
		29E66AEA23F7212700B5DF69 /* ViewController.swift in Sources */ = {isa = PBXBuildFile; fileRef = 29E66AE923F7212700B5DF69 /* ViewController.swift */; };
		29E66AED23F7212700B5DF69 /* Main.storyboard in Resources */ = {isa = PBXBuildFile; fileRef = 29E66AEB23F7212700B5DF69 /* Main.storyboard */; };
		29E66AF023F7212700B5DF69 /* MVVM.xcdatamodeld in Sources */ = {isa = PBXBuildFile; fileRef = 29E66AEE23F7212700B5DF69 /* MVVM.xcdatamodeld */; };
		29E66AF223F7212800B5DF69 /* Assets.xcassets in Resources */ = {isa = PBXBuildFile; fileRef = 29E66AF123F7212800B5DF69 /* Assets.xcassets */; };
		29E66AF523F7212800B5DF69 /* LaunchScreen.storyboard in Resources */ = {isa = PBXBuildFile; fileRef = 29E66AF323F7212800B5DF69 /* LaunchScreen.storyboard */; };
		29FDCCA324111904002FE712 /* FriendsTableViewController.swift in Sources */ = {isa = PBXBuildFile; fileRef = 29FDCCA224111904002FE712 /* FriendsTableViewController.swift */; };
		29FDCCA624112005002FE712 /* FriendTableViewCell.swift in Sources */ = {isa = PBXBuildFile; fileRef = 29FDCCA524112005002FE712 /* FriendTableViewCell.swift */; };
		29FDCCA824112B13002FE712 /* FriendViewController.swift in Sources */ = {isa = PBXBuildFile; fileRef = 29FDCCA724112B13002FE712 /* FriendViewController.swift */; };
		9D70922217594078D5012851 /* libPods-MVVM.a in Frameworks */ = {isa = PBXBuildFile; fileRef = C7C2F911DF09D8841677A2F1 /* libPods-MVVM.a */; };
/* End PBXBuildFile section */

/* Begin PBXFileReference section */
		290B38AA240D9FC40029BAA6 /* JSON.swift */ = {isa = PBXFileReference; lastKnownFileType = sourcecode.swift; path = JSON.swift; sourceTree = "<group>"; };
		290B38AC240DAC6D0029BAA6 /* Result.swift */ = {isa = PBXFileReference; lastKnownFileType = sourcecode.swift; path = Result.swift; sourceTree = "<group>"; };
		290B38AF240DB78F0029BAA6 /* Friend.swift */ = {isa = PBXFileReference; lastKnownFileType = sourcecode.swift; path = Friend.swift; sourceTree = "<group>"; };
		291048C4240ED53700E62F36 /* AppServerClient.swift */ = {isa = PBXFileReference; lastKnownFileType = sourcecode.swift; path = AppServerClient.swift; sourceTree = "<group>"; };
		291048C6240F095900E62F36 /* Alert.swift */ = {isa = PBXFileReference; lastKnownFileType = sourcecode.swift; path = Alert.swift; sourceTree = "<group>"; };
		291048C9240F0C7D00E62F36 /* UIViewControllerExtension.swift */ = {isa = PBXFileReference; lastKnownFileType = sourcecode.swift; path = UIViewControllerExtension.swift; sourceTree = "<group>"; };
		291048CB240F135000E62F36 /* Bindable.swift */ = {isa = PBXFileReference; lastKnownFileType = sourcecode.swift; path = Bindable.swift; sourceTree = "<group>"; };
		291048CE240F198600E62F36 /* FriendCellViewModel.swift */ = {isa = PBXFileReference; lastKnownFileType = sourcecode.swift; path = FriendCellViewModel.swift; sourceTree = "<group>"; };
		293CFE30240FAC8A0004D997 /* FriendsTableViewViewModel.swift */ = {isa = PBXFileReference; lastKnownFileType = sourcecode.swift; path = FriendsTableViewViewModel.swift; sourceTree = "<group>"; };
		293CFE32241017560004D997 /* AddFriendViewModel.swift */ = {isa = PBXFileReference; lastKnownFileType = sourcecode.swift; path = AddFriendViewModel.swift; sourceTree = "<group>"; };
		293CFE34241041C60004D997 /* UpdateFriendViewModel.swift */ = {isa = PBXFileReference; lastKnownFileType = sourcecode.swift; path = UpdateFriendViewModel.swift; sourceTree = "<group>"; };
		29E66AE223F7212700B5DF69 /* MVVM.app */ = {isa = PBXFileReference; explicitFileType = wrapper.application; includeInIndex = 0; path = MVVM.app; sourceTree = BUILT_PRODUCTS_DIR; };
		29E66AE523F7212700B5DF69 /* AppDelegate.swift */ = {isa = PBXFileReference; lastKnownFileType = sourcecode.swift; path = AppDelegate.swift; sourceTree = "<group>"; };
		29E66AE723F7212700B5DF69 /* SceneDelegate.swift */ = {isa = PBXFileReference; lastKnownFileType = sourcecode.swift; path = SceneDelegate.swift; sourceTree = "<group>"; };
		29E66AE923F7212700B5DF69 /* ViewController.swift */ = {isa = PBXFileReference; lastKnownFileType = sourcecode.swift; path = ViewController.swift; sourceTree = "<group>"; };
		29E66AEC23F7212700B5DF69 /* Base */ = {isa = PBXFileReference; lastKnownFileType = file.storyboard; name = Base; path = Base.lproj/Main.storyboard; sourceTree = "<group>"; };
		29E66AEF23F7212700B5DF69 /* MVVM.xcdatamodel */ = {isa = PBXFileReference; lastKnownFileType = wrapper.xcdatamodel; path = MVVM.xcdatamodel; sourceTree = "<group>"; };
		29E66AF123F7212800B5DF69 /* Assets.xcassets */ = {isa = PBXFileReference; lastKnownFileType = folder.assetcatalog; path = Assets.xcassets; sourceTree = "<group>"; };
		29E66AF423F7212800B5DF69 /* Base */ = {isa = PBXFileReference; lastKnownFileType = file.storyboard; name = Base; path = Base.lproj/LaunchScreen.storyboard; sourceTree = "<group>"; };
		29E66AF623F7212800B5DF69 /* Info.plist */ = {isa = PBXFileReference; lastKnownFileType = text.plist.xml; path = Info.plist; sourceTree = "<group>"; };
		29E66AFF23F7245A00B5DF69 /* Alamofire.framework */ = {isa = PBXFileReference; explicitFileType = wrapper.framework; path = Alamofire.framework; sourceTree = BUILT_PRODUCTS_DIR; };
		29E66B0323F7257500B5DF69 /* Alamofire.framework */ = {isa = PBXFileReference; explicitFileType = wrapper.framework; path = Alamofire.framework; sourceTree = BUILT_PRODUCTS_DIR; };
		29E66B0723F726FE00B5DF69 /* Alamofire.framework */ = {isa = PBXFileReference; explicitFileType = wrapper.framework; path = Alamofire.framework; sourceTree = BUILT_PRODUCTS_DIR; };
		29FDCCA224111904002FE712 /* FriendsTableViewController.swift */ = {isa = PBXFileReference; lastKnownFileType = sourcecode.swift; path = FriendsTableViewController.swift; sourceTree = "<group>"; };
		29FDCCA524112005002FE712 /* FriendTableViewCell.swift */ = {isa = PBXFileReference; lastKnownFileType = sourcecode.swift; path = FriendTableViewCell.swift; sourceTree = "<group>"; };
		29FDCCA724112B13002FE712 /* FriendViewController.swift */ = {isa = PBXFileReference; lastKnownFileType = sourcecode.swift; path = FriendViewController.swift; sourceTree = "<group>"; };
		54520612DD75AAF139548790 /* Pods-MVVM.release.xcconfig */ = {isa = PBXFileReference; includeInIndex = 1; lastKnownFileType = text.xcconfig; name = "Pods-MVVM.release.xcconfig"; path = "Pods/Target Support Files/Pods-MVVM/Pods-MVVM.release.xcconfig"; sourceTree = "<group>"; };
		98D8FD89FADDCD4CE3B14F9A /* Pods_MVVM.framework */ = {isa = PBXFileReference; explicitFileType = wrapper.framework; includeInIndex = 0; path = Pods_MVVM.framework; sourceTree = BUILT_PRODUCTS_DIR; };
		B57757254F255AF7F3F7C2AA /* Pods-MVVM.debug.xcconfig */ = {isa = PBXFileReference; includeInIndex = 1; lastKnownFileType = text.xcconfig; name = "Pods-MVVM.debug.xcconfig"; path = "Pods/Target Support Files/Pods-MVVM/Pods-MVVM.debug.xcconfig"; sourceTree = "<group>"; };
		C7C2F911DF09D8841677A2F1 /* libPods-MVVM.a */ = {isa = PBXFileReference; explicitFileType = archive.ar; includeInIndex = 0; path = "libPods-MVVM.a"; sourceTree = BUILT_PRODUCTS_DIR; };
/* End PBXFileReference section */

/* Begin PBXFrameworksBuildPhase section */
		29E66ADF23F7212700B5DF69 /* Frameworks */ = {
			isa = PBXFrameworksBuildPhase;
			buildActionMask = 2147483647;
			files = (
				9D70922217594078D5012851 /* libPods-MVVM.a in Frameworks */,
			);
			runOnlyForDeploymentPostprocessing = 0;
		};
/* End PBXFrameworksBuildPhase section */

/* Begin PBXGroup section */
		176E0409DC1D73AB1951ED71 /* Pods */ = {
			isa = PBXGroup;
			children = (
				B57757254F255AF7F3F7C2AA /* Pods-MVVM.debug.xcconfig */,
				54520612DD75AAF139548790 /* Pods-MVVM.release.xcconfig */,
			);
			name = Pods;
			sourceTree = "<group>";
		};
		290B38A9240D9F080029BAA6 /* Helpers */ = {
			isa = PBXGroup;
			children = (
				290B38AA240D9FC40029BAA6 /* JSON.swift */,
				290B38AC240DAC6D0029BAA6 /* Result.swift */,
				291048C6240F095900E62F36 /* Alert.swift */,
				291048CB240F135000E62F36 /* Bindable.swift */,
			);
			path = Helpers;
			sourceTree = "<group>";
		};
		290B38AE240DB7620029BAA6 /* Model */ = {
			isa = PBXGroup;
			children = (
				290B38AF240DB78F0029BAA6 /* Friend.swift */,
			);
			path = Model;
			sourceTree = "<group>";
		};
		291048C3240ED50200E62F36 /* Service */ = {
			isa = PBXGroup;
			children = (
				291048C4240ED53700E62F36 /* AppServerClient.swift */,
			);
			path = Service;
			sourceTree = "<group>";
		};
		291048C8240F0A5400E62F36 /* Extensions */ = {
			isa = PBXGroup;
			children = (
				291048C9240F0C7D00E62F36 /* UIViewControllerExtension.swift */,
			);
			path = Extensions;
			sourceTree = "<group>";
		};
		291048CD240F153300E62F36 /* ViewModel */ = {
			isa = PBXGroup;
			children = (
				291048CE240F198600E62F36 /* FriendCellViewModel.swift */,
				293CFE30240FAC8A0004D997 /* FriendsTableViewViewModel.swift */,
				293CFE32241017560004D997 /* AddFriendViewModel.swift */,
				293CFE34241041C60004D997 /* UpdateFriendViewModel.swift */,
			);
			path = ViewModel;
			sourceTree = "<group>";
		};
		29E66AD923F7212700B5DF69 = {
			isa = PBXGroup;
			children = (
				29E66AE423F7212700B5DF69 /* MVVM */,
				29E66AE323F7212700B5DF69 /* Products */,
				176E0409DC1D73AB1951ED71 /* Pods */,
				81F9C154EC288A57EFB80B38 /* Frameworks */,
			);
			sourceTree = "<group>";
		};
		29E66AE323F7212700B5DF69 /* Products */ = {
			isa = PBXGroup;
			children = (
				29E66AE223F7212700B5DF69 /* MVVM.app */,
			);
			name = Products;
			sourceTree = "<group>";
		};
		29E66AE423F7212700B5DF69 /* MVVM */ = {
			isa = PBXGroup;
			children = (
				29FDCCA424111FDF002FE712 /* View */,
				29FDCCA12411188D002FE712 /* ViewController */,
				291048CD240F153300E62F36 /* ViewModel */,
				291048C8240F0A5400E62F36 /* Extensions */,
				291048C3240ED50200E62F36 /* Service */,
				290B38AE240DB7620029BAA6 /* Model */,
				290B38A9240D9F080029BAA6 /* Helpers */,
				29E66AE523F7212700B5DF69 /* AppDelegate.swift */,
				29E66AE723F7212700B5DF69 /* SceneDelegate.swift */,
				29E66AE923F7212700B5DF69 /* ViewController.swift */,
				29E66AEB23F7212700B5DF69 /* Main.storyboard */,
				29E66AF123F7212800B5DF69 /* Assets.xcassets */,
				29E66AF323F7212800B5DF69 /* LaunchScreen.storyboard */,
				29E66AF623F7212800B5DF69 /* Info.plist */,
				29E66AEE23F7212700B5DF69 /* MVVM.xcdatamodeld */,
			);
			path = MVVM;
			sourceTree = "<group>";
		};
		29FDCCA12411188D002FE712 /* ViewController */ = {
			isa = PBXGroup;
			children = (
				29FDCCA224111904002FE712 /* FriendsTableViewController.swift */,
				29FDCCA724112B13002FE712 /* FriendViewController.swift */,
			);
			path = ViewController;
			sourceTree = "<group>";
		};
		29FDCCA424111FDF002FE712 /* View */ = {
			isa = PBXGroup;
			children = (
				29FDCCA524112005002FE712 /* FriendTableViewCell.swift */,
			);
			path = View;
			sourceTree = "<group>";
		};
		81F9C154EC288A57EFB80B38 /* Frameworks */ = {
			isa = PBXGroup;
			children = (
				29E66B0723F726FE00B5DF69 /* Alamofire.framework */,
				29E66B0323F7257500B5DF69 /* Alamofire.framework */,
				29E66AFF23F7245A00B5DF69 /* Alamofire.framework */,
				98D8FD89FADDCD4CE3B14F9A /* Pods_MVVM.framework */,
				C7C2F911DF09D8841677A2F1 /* libPods-MVVM.a */,
			);
			name = Frameworks;
			sourceTree = "<group>";
		};
/* End PBXGroup section */

/* Begin PBXNativeTarget section */
		29E66AE123F7212700B5DF69 /* MVVM */ = {
			isa = PBXNativeTarget;
			buildConfigurationList = 29E66AF923F7212800B5DF69 /* Build configuration list for PBXNativeTarget "MVVM" */;
			buildPhases = (
				1BAD91D805A61F4B163E242E /* [CP] Check Pods Manifest.lock */,
				29E66ADE23F7212700B5DF69 /* Sources */,
				29E66ADF23F7212700B5DF69 /* Frameworks */,
				29E66AE023F7212700B5DF69 /* Resources */,
				F026BD7BBE4761664E6D2AE2 /* [CP] Copy Pods Resources */,
			);
			buildRules = (
			);
			dependencies = (
			);
			name = MVVM;
			productName = MVVM;
			productReference = 29E66AE223F7212700B5DF69 /* MVVM.app */;
			productType = "com.apple.product-type.application";
		};
/* End PBXNativeTarget section */

/* Begin PBXProject section */
		29E66ADA23F7212700B5DF69 /* Project object */ = {
			isa = PBXProject;
			attributes = {
				LastSwiftUpdateCheck = 1130;
				LastUpgradeCheck = 1130;
				ORGANIZATIONNAME = "Amir Sharafkar";
				TargetAttributes = {
					29E66AE123F7212700B5DF69 = {
						CreatedOnToolsVersion = 11.3.1;
					};
				};
			};
			buildConfigurationList = 29E66ADD23F7212700B5DF69 /* Build configuration list for PBXProject "MVVM" */;
			compatibilityVersion = "Xcode 9.3";
			developmentRegion = en;
			hasScannedForEncodings = 0;
			knownRegions = (
				en,
				Base,
			);
			mainGroup = 29E66AD923F7212700B5DF69;
			productRefGroup = 29E66AE323F7212700B5DF69 /* Products */;
			projectDirPath = "";
			projectRoot = "";
			targets = (
				29E66AE123F7212700B5DF69 /* MVVM */,
			);
		};
/* End PBXProject section */

/* Begin PBXResourcesBuildPhase section */
		29E66AE023F7212700B5DF69 /* Resources */ = {
			isa = PBXResourcesBuildPhase;
			buildActionMask = 2147483647;
			files = (
				29E66AF523F7212800B5DF69 /* LaunchScreen.storyboard in Resources */,
				29E66AF223F7212800B5DF69 /* Assets.xcassets in Resources */,
				29E66AED23F7212700B5DF69 /* Main.storyboard in Resources */,
			);
			runOnlyForDeploymentPostprocessing = 0;
		};
/* End PBXResourcesBuildPhase section */

/* Begin PBXShellScriptBuildPhase section */
		1BAD91D805A61F4B163E242E /* [CP] Check Pods Manifest.lock */ = {
			isa = PBXShellScriptBuildPhase;
			buildActionMask = 2147483647;
			files = (
			);
			inputPaths = (
				"${PODS_PODFILE_DIR_PATH}/Podfile.lock",
				"${PODS_ROOT}/Manifest.lock",
			);
			name = "[CP] Check Pods Manifest.lock";
			outputPaths = (
				"$(DERIVED_FILE_DIR)/Pods-MVVM-checkManifestLockResult.txt",
			);
			runOnlyForDeploymentPostprocessing = 0;
			shellPath = /bin/sh;
			shellScript = "diff \"${PODS_PODFILE_DIR_PATH}/Podfile.lock\" \"${PODS_ROOT}/Manifest.lock\" > /dev/null\nif [ $? != 0 ] ; then\n    # print error to STDERR\n    echo \"error: The sandbox is not in sync with the Podfile.lock. Run 'pod install' or update your CocoaPods installation.\" >&2\n    exit 1\nfi\n# This output is used by Xcode 'outputs' to avoid re-running this script phase.\necho \"SUCCESS\" > \"${SCRIPT_OUTPUT_FILE_0}\"\n";
			showEnvVarsInLog = 0;
		};
		F026BD7BBE4761664E6D2AE2 /* [CP] Copy Pods Resources */ = {
			isa = PBXShellScriptBuildPhase;
			buildActionMask = 2147483647;
			files = (
			);
			inputFileListPaths = (
				"${PODS_ROOT}/Target Support Files/Pods-MVVM/Pods-MVVM-resources-${CONFIGURATION}-input-files.xcfilelist",
			);
			name = "[CP] Copy Pods Resources";
			outputFileListPaths = (
				"${PODS_ROOT}/Target Support Files/Pods-MVVM/Pods-MVVM-resources-${CONFIGURATION}-output-files.xcfilelist",
			);
			runOnlyForDeploymentPostprocessing = 0;
			shellPath = /bin/sh;
			shellScript = "\"${PODS_ROOT}/Target Support Files/Pods-MVVM/Pods-MVVM-resources.sh\"\n";
			showEnvVarsInLog = 0;
		};
/* End PBXShellScriptBuildPhase section */

/* Begin PBXSourcesBuildPhase section */
		29E66ADE23F7212700B5DF69 /* Sources */ = {
			isa = PBXSourcesBuildPhase;
			buildActionMask = 2147483647;
			files = (
				293CFE33241017560004D997 /* AddFriendViewModel.swift in Sources */,
				291048C7240F095900E62F36 /* Alert.swift in Sources */,
				290B38AD240DAC6D0029BAA6 /* Result.swift in Sources */,
				291048CA240F0C7D00E62F36 /* UIViewControllerExtension.swift in Sources */,
				290B38B0240DB78F0029BAA6 /* Friend.swift in Sources */,
				293CFE35241041C60004D997 /* UpdateFriendViewModel.swift in Sources */,
				29FDCCA824112B13002FE712 /* FriendViewController.swift in Sources */,
				293CFE31240FAC8A0004D997 /* FriendsTableViewViewModel.swift in Sources */,
				291048CF240F198600E62F36 /* FriendCellViewModel.swift in Sources */,
				291048CC240F135000E62F36 /* Bindable.swift in Sources */,
				29E66AEA23F7212700B5DF69 /* ViewController.swift in Sources */,
				29FDCCA324111904002FE712 /* FriendsTableViewController.swift in Sources */,
				290B38AB240D9FC40029BAA6 /* JSON.swift in Sources */,
				29FDCCA624112005002FE712 /* FriendTableViewCell.swift in Sources */,
				29E66AE623F7212700B5DF69 /* AppDelegate.swift in Sources */,
				29E66AE823F7212700B5DF69 /* SceneDelegate.swift in Sources */,
				29E66AF023F7212700B5DF69 /* MVVM.xcdatamodeld in Sources */,
				291048C5240ED53700E62F36 /* AppServerClient.swift in Sources */,
			);
			runOnlyForDeploymentPostprocessing = 0;
		};
/* End PBXSourcesBuildPhase section */

/* Begin PBXVariantGroup section */
		29E66AEB23F7212700B5DF69 /* Main.storyboard */ = {
			isa = PBXVariantGroup;
			children = (
				29E66AEC23F7212700B5DF69 /* Base */,
			);
			name = Main.storyboard;
			sourceTree = "<group>";
		};
		29E66AF323F7212800B5DF69 /* LaunchScreen.storyboard */ = {
			isa = PBXVariantGroup;
			children = (
				29E66AF423F7212800B5DF69 /* Base */,
			);
			name = LaunchScreen.storyboard;
			sourceTree = "<group>";
		};
/* End PBXVariantGroup section */

/* Begin XCBuildConfiguration section */
		29E66AF723F7212800B5DF69 /* Debug */ = {
			isa = XCBuildConfiguration;
			buildSettings = {
				ALWAYS_SEARCH_USER_PATHS = NO;
				CLANG_ANALYZER_NONNULL = YES;
				CLANG_ANALYZER_NUMBER_OBJECT_CONVERSION = YES_AGGRESSIVE;
				CLANG_CXX_LANGUAGE_STANDARD = "gnu++14";
				CLANG_CXX_LIBRARY = "libc++";
				CLANG_ENABLE_MODULES = YES;
				CLANG_ENABLE_OBJC_ARC = YES;
				CLANG_ENABLE_OBJC_WEAK = YES;
				CLANG_WARN_BLOCK_CAPTURE_AUTORELEASING = YES;
				CLANG_WARN_BOOL_CONVERSION = YES;
				CLANG_WARN_COMMA = YES;
				CLANG_WARN_CONSTANT_CONVERSION = YES;
				CLANG_WARN_DEPRECATED_OBJC_IMPLEMENTATIONS = YES;
				CLANG_WARN_DIRECT_OBJC_ISA_USAGE = YES_ERROR;
				CLANG_WARN_DOCUMENTATION_COMMENTS = YES;
				CLANG_WARN_EMPTY_BODY = YES;
				CLANG_WARN_ENUM_CONVERSION = YES;
				CLANG_WARN_INFINITE_RECURSION = YES;
				CLANG_WARN_INT_CONVERSION = YES;
				CLANG_WARN_NON_LITERAL_NULL_CONVERSION = YES;
				CLANG_WARN_OBJC_IMPLICIT_RETAIN_SELF = YES;
				CLANG_WARN_OBJC_LITERAL_CONVERSION = YES;
				CLANG_WARN_OBJC_ROOT_CLASS = YES_ERROR;
				CLANG_WARN_RANGE_LOOP_ANALYSIS = YES;
				CLANG_WARN_STRICT_PROTOTYPES = YES;
				CLANG_WARN_SUSPICIOUS_MOVE = YES;
				CLANG_WARN_UNGUARDED_AVAILABILITY = YES_AGGRESSIVE;
				CLANG_WARN_UNREACHABLE_CODE = YES;
				CLANG_WARN__DUPLICATE_METHOD_MATCH = YES;
				COPY_PHASE_STRIP = NO;
				DEBUG_INFORMATION_FORMAT = dwarf;
				ENABLE_STRICT_OBJC_MSGSEND = YES;
				ENABLE_TESTABILITY = YES;
				GCC_C_LANGUAGE_STANDARD = gnu11;
				GCC_DYNAMIC_NO_PIC = NO;
				GCC_NO_COMMON_BLOCKS = YES;
				GCC_OPTIMIZATION_LEVEL = 0;
				GCC_PREPROCESSOR_DEFINITIONS = (
					"DEBUG=1",
					"$(inherited)",
				);
				GCC_WARN_64_TO_32_BIT_CONVERSION = YES;
				GCC_WARN_ABOUT_RETURN_TYPE = YES_ERROR;
				GCC_WARN_UNDECLARED_SELECTOR = YES;
				GCC_WARN_UNINITIALIZED_AUTOS = YES_AGGRESSIVE;
				GCC_WARN_UNUSED_FUNCTION = YES;
				GCC_WARN_UNUSED_VARIABLE = YES;
				IPHONEOS_DEPLOYMENT_TARGET = 10.0;
				MTL_ENABLE_DEBUG_INFO = INCLUDE_SOURCE;
				MTL_FAST_MATH = YES;
				ONLY_ACTIVE_ARCH = YES;
				SDKROOT = iphoneos;
				SWIFT_ACTIVE_COMPILATION_CONDITIONS = DEBUG;
				SWIFT_OPTIMIZATION_LEVEL = "-Onone";
			};
			name = Debug;
		};
		29E66AF823F7212800B5DF69 /* Release */ = {
			isa = XCBuildConfiguration;
			buildSettings = {
				ALWAYS_SEARCH_USER_PATHS = NO;
				CLANG_ANALYZER_NONNULL = YES;
				CLANG_ANALYZER_NUMBER_OBJECT_CONVERSION = YES_AGGRESSIVE;
				CLANG_CXX_LANGUAGE_STANDARD = "gnu++14";
				CLANG_CXX_LIBRARY = "libc++";
				CLANG_ENABLE_MODULES = YES;
				CLANG_ENABLE_OBJC_ARC = YES;
				CLANG_ENABLE_OBJC_WEAK = YES;
				CLANG_WARN_BLOCK_CAPTURE_AUTORELEASING = YES;
				CLANG_WARN_BOOL_CONVERSION = YES;
				CLANG_WARN_COMMA = YES;
				CLANG_WARN_CONSTANT_CONVERSION = YES;
				CLANG_WARN_DEPRECATED_OBJC_IMPLEMENTATIONS = YES;
				CLANG_WARN_DIRECT_OBJC_ISA_USAGE = YES_ERROR;
				CLANG_WARN_DOCUMENTATION_COMMENTS = YES;
				CLANG_WARN_EMPTY_BODY = YES;
				CLANG_WARN_ENUM_CONVERSION = YES;
				CLANG_WARN_INFINITE_RECURSION = YES;
				CLANG_WARN_INT_CONVERSION = YES;
				CLANG_WARN_NON_LITERAL_NULL_CONVERSION = YES;
				CLANG_WARN_OBJC_IMPLICIT_RETAIN_SELF = YES;
				CLANG_WARN_OBJC_LITERAL_CONVERSION = YES;
				CLANG_WARN_OBJC_ROOT_CLASS = YES_ERROR;
				CLANG_WARN_RANGE_LOOP_ANALYSIS = YES;
				CLANG_WARN_STRICT_PROTOTYPES = YES;
				CLANG_WARN_SUSPICIOUS_MOVE = YES;
				CLANG_WARN_UNGUARDED_AVAILABILITY = YES_AGGRESSIVE;
				CLANG_WARN_UNREACHABLE_CODE = YES;
				CLANG_WARN__DUPLICATE_METHOD_MATCH = YES;
				COPY_PHASE_STRIP = NO;
				DEBUG_INFORMATION_FORMAT = "dwarf-with-dsym";
				ENABLE_NS_ASSERTIONS = NO;
				ENABLE_STRICT_OBJC_MSGSEND = YES;
				GCC_C_LANGUAGE_STANDARD = gnu11;
				GCC_NO_COMMON_BLOCKS = YES;
				GCC_WARN_64_TO_32_BIT_CONVERSION = YES;
				GCC_WARN_ABOUT_RETURN_TYPE = YES_ERROR;
				GCC_WARN_UNDECLARED_SELECTOR = YES;
				GCC_WARN_UNINITIALIZED_AUTOS = YES_AGGRESSIVE;
				GCC_WARN_UNUSED_FUNCTION = YES;
				GCC_WARN_UNUSED_VARIABLE = YES;
				IPHONEOS_DEPLOYMENT_TARGET = 10.0;
				MTL_ENABLE_DEBUG_INFO = NO;
				MTL_FAST_MATH = YES;
				SDKROOT = iphoneos;
				SWIFT_COMPILATION_MODE = wholemodule;
				SWIFT_OPTIMIZATION_LEVEL = "-O";
				VALIDATE_PRODUCT = YES;
			};
			name = Release;
		};
		29E66AFA23F7212800B5DF69 /* Debug */ = {
			isa = XCBuildConfiguration;
			baseConfigurationReference = B57757254F255AF7F3F7C2AA /* Pods-MVVM.debug.xcconfig */;
			buildSettings = {
				ASSETCATALOG_COMPILER_APPICON_NAME = AppIcon;
				CODE_SIGN_STYLE = Automatic;
				DEVELOPMENT_TEAM = 6783XEWDDV;
				INFOPLIST_FILE = MVVM/Info.plist;
				LD_RUNPATH_SEARCH_PATHS = (
					"$(inherited)",
					"@executable_path/Frameworks",
				);
				PRODUCT_BUNDLE_IDENTIFIER = com.alamofire.mobile.ios.MVVM;
				PRODUCT_NAME = "$(TARGET_NAME)";
				SWIFT_VERSION = 5.0;
				TARGETED_DEVICE_FAMILY = "1,2";
			};
			name = Debug;
		};
		29E66AFB23F7212800B5DF69 /* Release */ = {
			isa = XCBuildConfiguration;
			baseConfigurationReference = 54520612DD75AAF139548790 /* Pods-MVVM.release.xcconfig */;
			buildSettings = {
				ASSETCATALOG_COMPILER_APPICON_NAME = AppIcon;
				CODE_SIGN_STYLE = Automatic;
				DEVELOPMENT_TEAM = 6783XEWDDV;
				INFOPLIST_FILE = MVVM/Info.plist;
				LD_RUNPATH_SEARCH_PATHS = (
					"$(inherited)",
					"@executable_path/Frameworks",
				);
				PRODUCT_BUNDLE_IDENTIFIER = com.alamofire.mobile.ios.MVVM;
				PRODUCT_NAME = "$(TARGET_NAME)";
				SWIFT_VERSION = 5.0;
				TARGETED_DEVICE_FAMILY = "1,2";
			};
			name = Release;
		};
/* End XCBuildConfiguration section */

/* Begin XCConfigurationList section */
		29E66ADD23F7212700B5DF69 /* Build configuration list for PBXProject "MVVM" */ = {
			isa = XCConfigurationList;
			buildConfigurations = (
				29E66AF723F7212800B5DF69 /* Debug */,
				29E66AF823F7212800B5DF69 /* Release */,
			);
			defaultConfigurationIsVisible = 0;
			defaultConfigurationName = Release;
		};
		29E66AF923F7212800B5DF69 /* Build configuration list for PBXNativeTarget "MVVM" */ = {
			isa = XCConfigurationList;
			buildConfigurations = (
				29E66AFA23F7212800B5DF69 /* Debug */,
				29E66AFB23F7212800B5DF69 /* Release */,
			);
			defaultConfigurationIsVisible = 0;
			defaultConfigurationName = Release;
		};
/* End XCConfigurationList section */

/* Begin XCVersionGroup section */
		29E66AEE23F7212700B5DF69 /* MVVM.xcdatamodeld */ = {
			isa = XCVersionGroup;
			children = (
				29E66AEF23F7212700B5DF69 /* MVVM.xcdatamodel */,
			);
			currentVersion = 29E66AEF23F7212700B5DF69 /* MVVM.xcdatamodel */;
			path = MVVM.xcdatamodeld;
			sourceTree = "<group>";
			versionGroupType = wrapper.xcdatamodel;
		};
/* End XCVersionGroup section */
	};
	rootObject = 29E66ADA23F7212700B5DF69 /* Project object */;
}
